
Microsoft Visual Studio Solution File, Format Version 12.00
# Visual Studio Version 17
VisualStudioVersion = 17.7.34018.315
MinimumVisualStudioVersion = 10.0.40219.1
Project("{FAE04EC0-301F-11D3-BF4B-00C04F79EFBC}") = "TestCoverageDemo", "TestCoverageDemo\TestCoverageDemo.csproj", "{BC429635-1006-4B9F-8408-C82CF7DF11EF}"
EndProject
Project("{FAE04EC0-301F-11D3-BF4B-00C04F79EFBC}") = "TestCoverageDemoTests", "TestCoverageDemoTests\TestCoverageDemoTests.csproj", "{4E4E6E57-38BA-4317-B07B-B177F976469E}"
EndProject
Global
	GlobalSection(SolutionConfigurationPlatforms) = preSolution
		Debug|Any CPU = Debug|Any CPU
		Release|Any CPU = Release|Any CPU
	EndGlobalSection
	GlobalSection(ProjectConfigurationPlatforms) = postSolution
		{BC429635-1006-4B9F-8408-C82CF7DF11EF}.Debug|Any CPU.ActiveCfg = Debug|Any CPU
		{BC429635-1006-4B9F-8408-C82CF7DF11EF}.Debug|Any CPU.Build.0 = Debug|Any CPU
		{BC429635-1006-4B9F-8408-C82CF7DF11EF}.Release|Any CPU.ActiveCfg = Release|Any CPU
		{BC429635-1006-4B9F-8408-C82CF7DF11EF}.Release|Any CPU.Build.0 = Release|Any CPU
		{4E4E6E57-38BA-4317-B07B-B177F976469E}.Debug|Any CPU.ActiveCfg = Debug|Any CPU
		{4E4E6E57-38BA-4317-B07B-B177F976469E}.Debug|Any CPU.Build.0 = Debug|Any CPU
		{4E4E6E57-38BA-4317-B07B-B177F976469E}.Release|Any CPU.ActiveCfg = Release|Any CPU
		{4E4E6E57-38BA-4317-B07B-B177F976469E}.Release|Any CPU.Build.0 = Release|Any CPU
	EndGlobalSection
	GlobalSection(SolutionProperties) = preSolution
		HideSolutionNode = FALSE
	EndGlobalSection
	GlobalSection(ExtensibilityGlobals) = postSolution
		SolutionGuid = {D6CD2863-566D-4867-9D8B-18B029E6FBAC}
	EndGlobalSection
EndGlobal
